
Microsoft Visual Studio Solution File, Format Version 12.00
# Visual Studio Version 17
VisualStudioVersion = 17.14.37027.9
MinimumVisualStudioVersion = 10.0.40219.1
Project("{FAE04EC0-301F-11D3-BF4B-00C04F79EFBC}") = "MegaStore", "MegaStore\MegaStore.csproj", "{BCA012E5-BE41-40D2-A276-ECBCC4D9579C}"
EndProject
Global
	GlobalSection(SolutionConfigurationPlatforms) = preSolution
		Debug|Any CPU = Debug|Any CPU
		Release|Any CPU = Release|Any CPU
	EndGlobalSection
	GlobalSection(ProjectConfigurationPlatforms) = postSolution
		{BCA012E5-BE41-40D2-A276-ECBCC4D9579C}.Debug|Any CPU.ActiveCfg = Debug|Any CPU
		{BCA012E5-BE41-40D2-A276-ECBCC4D9579C}.Debug|Any CPU.Build.0 = Debug|Any CPU
		{BCA012E5-BE41-40D2-A276-ECBCC4D9579C}.Release|Any CPU.ActiveCfg = Release|Any CPU
		{BCA012E5-BE41-40D2-A276-ECBCC4D9579C}.Release|Any CPU.Build.0 = Release|Any CPU
	EndGlobalSection
	GlobalSection(SolutionProperties) = preSolution
		HideSolutionNode = FALSE
	EndGlobalSection
	GlobalSection(ExtensibilityGlobals) = postSolution
		SolutionGuid = {7D8087E4-3B56-41E0-980F-2C25E82C4EE1}
	EndGlobalSection
EndGlobal
